
Microsoft Visual Studio Solution File, Format Version 12.00
# Visual Studio Version 16
VisualStudioVersion = 16.0.30114.105
MinimumVisualStudioVersion = 10.0.40219.1
Project("{FAE04EC0-301F-11D3-BF4B-00C04F79EFBC}") = "overridemethos", "overridemethos\overridemethos.csproj", "{D2FDA307-E275-4B5E-8831-AE78BF845114}"
EndProject
Global
	GlobalSection(SolutionConfigurationPlatforms) = preSolution
		Debug|Any CPU = Debug|Any CPU
		Release|Any CPU = Release|Any CPU
	EndGlobalSection
	GlobalSection(ProjectConfigurationPlatforms) = postSolution
		{D2FDA307-E275-4B5E-8831-AE78BF845114}.Debug|Any CPU.ActiveCfg = Debug|Any CPU
		{D2FDA307-E275-4B5E-8831-AE78BF845114}.Debug|Any CPU.Build.0 = Debug|Any CPU
		{D2FDA307-E275-4B5E-8831-AE78BF845114}.Release|Any CPU.ActiveCfg = Release|Any CPU
		{D2FDA307-E275-4B5E-8831-AE78BF845114}.Release|Any CPU.Build.0 = Release|Any CPU
	EndGlobalSection
	GlobalSection(SolutionProperties) = preSolution
		HideSolutionNode = FALSE
	EndGlobalSection
	GlobalSection(ExtensibilityGlobals) = postSolution
		SolutionGuid = {34A03370-1418-49A4-B901-6ED351B40781}
	EndGlobalSection
EndGlobal
